
Microsoft Visual Studio Solution File, Format Version 12.00
# Visual Studio Version 17
VisualStudioVersion = 17.0.31903.59
MinimumVisualStudioVersion = 10.0.40219.1
Project("{2150E333-8FDC-42A3-9474-1A3956D46DE8}") = "src", "src", "{827E0CD3-B72D-47B6-A68D-7590B98EB39B}"
EndProject
Project("{FAE04EC0-301F-11D3-BF4B-00C04F79EFBC}") = "ProductAggregator.Api", "src\ProductAggregator.Api\ProductAggregator.Api.csproj", "{90F98F1F-7B92-4D97-A01A-6215783F7308}"
EndProject
Project("{FAE04EC0-301F-11D3-BF4B-00C04F79EFBC}") = "ProductAggregator.Core", "src\ProductAggregator.Core\ProductAggregator.Core.csproj", "{8FF8AC90-97A6-4DA2-B3E6-AE913FF999B1}"
EndProject
Project("{2150E333-8FDC-42A3-9474-1A3956D46DE8}") = "tests", "tests", "{0AB3BF05-4346-4AA6-1389-037BE0695223}"
EndProject
Project("{FAE04EC0-301F-11D3-BF4B-00C04F79EFBC}") = "ProductAggregator.Core.Tests", "tests\ProductAggregator.Core.Tests\ProductAggregator.Core.Tests.csproj", "{12E5F430-FCEB-4371-975F-51580A5EDB6A}"
EndProject
Global
	GlobalSection(SolutionConfigurationPlatforms) = preSolution
		Debug|Any CPU = Debug|Any CPU
		Debug|x64 = Debug|x64
		Debug|x86 = Debug|x86
		Release|Any CPU = Release|Any CPU
		Release|x64 = Release|x64
		Release|x86 = Release|x86
	EndGlobalSection
	GlobalSection(ProjectConfigurationPlatforms) = postSolution
		{90F98F1F-7B92-4D97-A01A-6215783F7308}.Debug|Any CPU.ActiveCfg = Debug|Any CPU
		{90F98F1F-7B92-4D97-A01A-6215783F7308}.Debug|Any CPU.Build.0 = Debug|Any CPU
		{90F98F1F-7B92-4D97-A01A-6215783F7308}.Debug|x64.ActiveCfg = Debug|Any CPU
		{90F98F1F-7B92-4D97-A01A-6215783F7308}.Debug|x64.Build.0 = Debug|Any CPU
		{90F98F1F-7B92-4D97-A01A-6215783F7308}.Debug|x86.ActiveCfg = Debug|Any CPU
		{90F98F1F-7B92-4D97-A01A-6215783F7308}.Debug|x86.Build.0 = Debug|Any CPU
		{90F98F1F-7B92-4D97-A01A-6215783F7308}.Release|Any CPU.ActiveCfg = Release|Any CPU
		{90F98F1F-7B92-4D97-A01A-6215783F7308}.Release|Any CPU.Build.0 = Release|Any CPU
		{90F98F1F-7B92-4D97-A01A-6215783F7308}.Release|x64.ActiveCfg = Release|Any CPU
		{90F98F1F-7B92-4D97-A01A-6215783F7308}.Release|x64.Build.0 = Release|Any CPU
		{90F98F1F-7B92-4D97-A01A-6215783F7308}.Release|x86.ActiveCfg = Release|Any CPU
		{90F98F1F-7B92-4D97-A01A-6215783F7308}.Release|x86.Build.0 = Release|Any CPU
		{8FF8AC90-97A6-4DA2-B3E6-AE913FF999B1}.Debug|Any CPU.ActiveCfg = Debug|Any CPU
		{8FF8AC90-97A6-4DA2-B3E6-AE913FF999B1}.Debug|Any CPU.Build.0 = Debug|Any CPU
		{8FF8AC90-97A6-4DA2-B3E6-AE913FF999B1}.Debug|x64.ActiveCfg = Debug|Any CPU
		{8FF8AC90-97A6-4DA2-B3E6-AE913FF999B1}.Debug|x64.Build.0 = Debug|Any CPU
		{8FF8AC90-97A6-4DA2-B3E6-AE913FF999B1}.Debug|x86.ActiveCfg = Debug|Any CPU
		{8FF8AC90-97A6-4DA2-B3E6-AE913FF999B1}.Debug|x86.Build.0 = Debug|Any CPU
		{8FF8AC90-97A6-4DA2-B3E6-AE913FF999B1}.Release|Any CPU.ActiveCfg = Release|Any CPU
		{8FF8AC90-97A6-4DA2-B3E6-AE913FF999B1}.Release|Any CPU.Build.0 = Release|Any CPU
		{8FF8AC90-97A6-4DA2-B3E6-AE913FF999B1}.Release|x64.ActiveCfg = Release|Any CPU
		{8FF8AC90-97A6-4DA2-B3E6-AE913FF999B1}.Release|x64.Build.0 = Release|Any CPU
		{8FF8AC90-97A6-4DA2-B3E6-AE913FF999B1}.Release|x86.ActiveCfg = Release|Any CPU
		{8FF8AC90-97A6-4DA2-B3E6-AE913FF999B1}.Release|x86.Build.0 = Release|Any CPU
		{12E5F430-FCEB-4371-975F-51580A5EDB6A}.Debug|Any CPU.ActiveCfg = Debug|Any CPU
		{12E5F430-FCEB-4371-975F-51580A5EDB6A}.Debug|Any CPU.Build.0 = Debug|Any CPU
		{12E5F430-FCEB-4371-975F-51580A5EDB6A}.Debug|x64.ActiveCfg = Debug|Any CPU
		{12E5F430-FCEB-4371-975F-51580A5EDB6A}.Debug|x64.Build.0 = Debug|Any CPU
		{12E5F430-FCEB-4371-975F-51580A5EDB6A}.Debug|x86.ActiveCfg = Debug|Any CPU
		{12E5F430-FCEB-4371-975F-51580A5EDB6A}.Debug|x86.Build.0 = Debug|Any CPU
		{12E5F430-FCEB-4371-975F-51580A5EDB6A}.Release|Any CPU.ActiveCfg = Release|Any CPU
		{12E5F430-FCEB-4371-975F-51580A5EDB6A}.Release|Any CPU.Build.0 = Release|Any CPU
		{12E5F430-FCEB-4371-975F-51580A5EDB6A}.Release|x64.ActiveCfg = Release|Any CPU
		{12E5F430-FCEB-4371-975F-51580A5EDB6A}.Release|x64.Build.0 = Release|Any CPU
		{12E5F430-FCEB-4371-975F-51580A5EDB6A}.Release|x86.ActiveCfg = Release|Any CPU
		{12E5F430-FCEB-4371-975F-51580A5EDB6A}.Release|x86.Build.0 = Release|Any CPU
	EndGlobalSection
	GlobalSection(SolutionProperties) = preSolution
		HideSolutionNode = FALSE
	EndGlobalSection
	GlobalSection(NestedProjects) = preSolution
		{90F98F1F-7B92-4D97-A01A-6215783F7308} = {827E0CD3-B72D-47B6-A68D-7590B98EB39B}
		{8FF8AC90-97A6-4DA2-B3E6-AE913FF999B1} = {827E0CD3-B72D-47B6-A68D-7590B98EB39B}
		{12E5F430-FCEB-4371-975F-51580A5EDB6A} = {0AB3BF05-4346-4AA6-1389-037BE0695223}
	EndGlobalSection
EndGlobal
